
Microsoft Visual Studio Solution File, Format Version 12.00
# Visual Studio Version 16
VisualStudioVersion = 16.0.30804.86
MinimumVisualStudioVersion = 10.0.40219.1
Project("{FAE04EC0-301F-11D3-BF4B-00C04F79EFBC}") = "ProjektTNAI", "ProjektTNAI\ProjektTNAI.csproj", "{57D8381A-A037-460A-9221-48C4C3DC9204}"
EndProject
Project("{FAE04EC0-301F-11D3-BF4B-00C04F79EFBC}") = "ProjetTNAI.Entities", "ProjetTNAI.Entities\ProjetTNAI.Entities.csproj", "{7D322B59-569E-46AA-AAB0-C9D5085C4C84}"
EndProject
Project("{FAE04EC0-301F-11D3-BF4B-00C04F79EFBC}") = "ProjetTNAI.DataAccessLayer", "ProjetTNAI.DataAccessLayer\ProjetTNAI.DataAccessLayer.csproj", "{4C8671D9-C63C-474C-96B3-25CB442347E5}"
EndProject
Global
	GlobalSection(SolutionConfigurationPlatforms) = preSolution
		Debug|Any CPU = Debug|Any CPU
		Release|Any CPU = Release|Any CPU
	EndGlobalSection
	GlobalSection(ProjectConfigurationPlatforms) = postSolution
		{57D8381A-A037-460A-9221-48C4C3DC9204}.Debug|Any CPU.ActiveCfg = Debug|Any CPU
		{57D8381A-A037-460A-9221-48C4C3DC9204}.Debug|Any CPU.Build.0 = Debug|Any CPU
		{57D8381A-A037-460A-9221-48C4C3DC9204}.Release|Any CPU.ActiveCfg = Release|Any CPU
		{57D8381A-A037-460A-9221-48C4C3DC9204}.Release|Any CPU.Build.0 = Release|Any CPU
		{7D322B59-569E-46AA-AAB0-C9D5085C4C84}.Debug|Any CPU.ActiveCfg = Debug|Any CPU
		{7D322B59-569E-46AA-AAB0-C9D5085C4C84}.Debug|Any CPU.Build.0 = Debug|Any CPU
		{7D322B59-569E-46AA-AAB0-C9D5085C4C84}.Release|Any CPU.ActiveCfg = Release|Any CPU
		{7D322B59-569E-46AA-AAB0-C9D5085C4C84}.Release|Any CPU.Build.0 = Release|Any CPU
		{4C8671D9-C63C-474C-96B3-25CB442347E5}.Debug|Any CPU.ActiveCfg = Debug|Any CPU
		{4C8671D9-C63C-474C-96B3-25CB442347E5}.Debug|Any CPU.Build.0 = Debug|Any CPU
		{4C8671D9-C63C-474C-96B3-25CB442347E5}.Release|Any CPU.ActiveCfg = Release|Any CPU
		{4C8671D9-C63C-474C-96B3-25CB442347E5}.Release|Any CPU.Build.0 = Release|Any CPU
	EndGlobalSection
	GlobalSection(SolutionProperties) = preSolution
		HideSolutionNode = FALSE
	EndGlobalSection
	GlobalSection(ExtensibilityGlobals) = postSolution
		SolutionGuid = {7DCF3B76-E8B3-4ED2-A5DE-E22EC1F58AB7}
	EndGlobalSection
EndGlobal
